
Microsoft Visual Studio Solution File, Format Version 12.00
# Visual Studio Version 17
VisualStudioVersion = 17.8.34511.84
MinimumVisualStudioVersion = 10.0.40219.1
Project("{9A19103F-16F7-4668-BE54-9A1E7A4F7556}") = "Domain", "Bioscoop.Domain\Domain.csproj", "{882CC613-579C-43D2-87FC-37C1A5B2EF70}"
EndProject
Project("{9A19103F-16F7-4668-BE54-9A1E7A4F7556}") = "Bioscoop-UI", "Bioscoop-UI\Bioscoop-UI.csproj", "{26C8AE23-D99B-4C1F-BD4F-04B3C5D35B00}"
EndProject
Project("{FAE04EC0-301F-11D3-BF4B-00C04F79EFBC}") = "Domain.Tests", "Domain.Tests\Domain.Tests.csproj", "{447E0795-38B4-4392-BD9F-F1CE8A5CDABA}"
EndProject
Global
	GlobalSection(SolutionConfigurationPlatforms) = preSolution
		Debug|Any CPU = Debug|Any CPU
		Release|Any CPU = Release|Any CPU
	EndGlobalSection
	GlobalSection(ProjectConfigurationPlatforms) = postSolution
		{882CC613-579C-43D2-87FC-37C1A5B2EF70}.Debug|Any CPU.ActiveCfg = Debug|Any CPU
		{882CC613-579C-43D2-87FC-37C1A5B2EF70}.Debug|Any CPU.Build.0 = Debug|Any CPU
		{882CC613-579C-43D2-87FC-37C1A5B2EF70}.Release|Any CPU.ActiveCfg = Release|Any CPU
		{882CC613-579C-43D2-87FC-37C1A5B2EF70}.Release|Any CPU.Build.0 = Release|Any CPU
		{26C8AE23-D99B-4C1F-BD4F-04B3C5D35B00}.Debug|Any CPU.ActiveCfg = Debug|Any CPU
		{26C8AE23-D99B-4C1F-BD4F-04B3C5D35B00}.Debug|Any CPU.Build.0 = Debug|Any CPU
		{26C8AE23-D99B-4C1F-BD4F-04B3C5D35B00}.Release|Any CPU.ActiveCfg = Release|Any CPU
		{26C8AE23-D99B-4C1F-BD4F-04B3C5D35B00}.Release|Any CPU.Build.0 = Release|Any CPU
		{447E0795-38B4-4392-BD9F-F1CE8A5CDABA}.Debug|Any CPU.ActiveCfg = Debug|Any CPU
		{447E0795-38B4-4392-BD9F-F1CE8A5CDABA}.Debug|Any CPU.Build.0 = Debug|Any CPU
		{447E0795-38B4-4392-BD9F-F1CE8A5CDABA}.Release|Any CPU.ActiveCfg = Release|Any CPU
		{447E0795-38B4-4392-BD9F-F1CE8A5CDABA}.Release|Any CPU.Build.0 = Release|Any CPU
	EndGlobalSection
	GlobalSection(SolutionProperties) = preSolution
		HideSolutionNode = FALSE
	EndGlobalSection
	GlobalSection(ExtensibilityGlobals) = postSolution
		SolutionGuid = {F0ED6D41-1C95-4CBE-9ACC-BFE45FB16CE4}
	EndGlobalSection
EndGlobal
